
Microsoft Visual Studio Solution File, Format Version 10.00
# Visual Studio 2008
Project("{FAE04EC0-301F-11D3-BF4B-00C04F79EFBC}") = "Cheat", "Cheat.csproj", "{C6B915D5-6FF0-4F68-81C4-407ACC4BE055}"
EndProject
Global
	GlobalSection(SolutionConfigurationPlatforms) = preSolution
		Debug|Any CPU = Debug|Any CPU
		Release|Any CPU = Release|Any CPU
	EndGlobalSection
	GlobalSection(ProjectConfigurationPlatforms) = postSolution
		{C6B915D5-6FF0-4F68-81C4-407ACC4BE055}.Debug|Any CPU.ActiveCfg = Debug|Any CPU
		{C6B915D5-6FF0-4F68-81C4-407ACC4BE055}.Debug|Any CPU.Build.0 = Debug|Any CPU
		{C6B915D5-6FF0-4F68-81C4-407ACC4BE055}.Release|Any CPU.ActiveCfg = Release|Any CPU
		{C6B915D5-6FF0-4F68-81C4-407ACC4BE055}.Release|Any CPU.Build.0 = Release|Any CPU
	EndGlobalSection
	GlobalSection(SolutionProperties) = preSolution
		HideSolutionNode = FALSE
	EndGlobalSection
EndGlobal
